
Microsoft Visual Studio Solution File, Format Version 12.00
# Visual Studio Version 16
VisualStudioVersion = 25.0.1704.2
MinimumVisualStudioVersion = 10.0.40219.1
Project("{FAE04EC0-301F-11D3-BF4B-00C04F79EFBC}") = "Core", "Core\Core.csproj", "{305ED99C-A205-4102-9EC3-3CF05E41EF90}"
EndProject
Project("{FAE04EC0-301F-11D3-BF4B-00C04F79EFBC}") = "Data", "Data\Data.csproj", "{4C82C4B6-D717-4E80-9639-D0EF8F9CA99C}"
EndProject
Project("{FAE04EC0-301F-11D3-BF4B-00C04F79EFBC}") = "Presentation", "Presentation\Presentation.csproj", "{8CA7A7A3-52EB-447B-831C-AA30B287169D}"
EndProject
Global
	GlobalSection(SolutionConfigurationPlatforms) = preSolution
		Debug|Any CPU = Debug|Any CPU
		Release|Any CPU = Release|Any CPU
	EndGlobalSection
	GlobalSection(ProjectConfigurationPlatforms) = postSolution
		{305ED99C-A205-4102-9EC3-3CF05E41EF90}.Debug|Any CPU.ActiveCfg = Debug|Any CPU
		{305ED99C-A205-4102-9EC3-3CF05E41EF90}.Debug|Any CPU.Build.0 = Debug|Any CPU
		{305ED99C-A205-4102-9EC3-3CF05E41EF90}.Release|Any CPU.ActiveCfg = Release|Any CPU
		{305ED99C-A205-4102-9EC3-3CF05E41EF90}.Release|Any CPU.Build.0 = Release|Any CPU
		{4C82C4B6-D717-4E80-9639-D0EF8F9CA99C}.Debug|Any CPU.ActiveCfg = Debug|Any CPU
		{4C82C4B6-D717-4E80-9639-D0EF8F9CA99C}.Debug|Any CPU.Build.0 = Debug|Any CPU
		{4C82C4B6-D717-4E80-9639-D0EF8F9CA99C}.Release|Any CPU.ActiveCfg = Release|Any CPU
		{4C82C4B6-D717-4E80-9639-D0EF8F9CA99C}.Release|Any CPU.Build.0 = Release|Any CPU
		{8CA7A7A3-52EB-447B-831C-AA30B287169D}.Debug|Any CPU.ActiveCfg = Debug|Any CPU
		{8CA7A7A3-52EB-447B-831C-AA30B287169D}.Debug|Any CPU.Build.0 = Debug|Any CPU
		{8CA7A7A3-52EB-447B-831C-AA30B287169D}.Release|Any CPU.ActiveCfg = Release|Any CPU
		{8CA7A7A3-52EB-447B-831C-AA30B287169D}.Release|Any CPU.Build.0 = Release|Any CPU
	EndGlobalSection
	GlobalSection(SolutionProperties) = preSolution
		HideSolutionNode = FALSE
	EndGlobalSection
	GlobalSection(ExtensibilityGlobals) = postSolution
		SolutionGuid = {048485D0-C8C2-4A5F-82DE-AF6C22A7E1A8}
	EndGlobalSection
EndGlobal
